{
  "requires": true,
  "lockfileVersion": 1,
  "dependencies": {
    "lottie-miniapp": {
      "version": "1.8.2",
      "resolved": "https://registry.npmjs.org/lottie-miniapp/-/lottie-miniapp-1.8.2.tgz",
      "integrity": "sha512-A9JRZw73jfq/LEmruvG9QBX7cO+FuaDaR9uq6315DzprNpI3l5FqRDMMFpTyPBri391oBuBQGJYn/5aKk9o+NA=="
    }
  }
}
